
Microsoft Visual Studio Solution File, Format Version 12.00
# Visual Studio Version 16
VisualStudioVersion = 16.0.30523.141
MinimumVisualStudioVersion = 10.0.40219.1
Project("{8BC9CEB8-8B4A-11D0-8D11-00A0C91BC942}") = "2.6", "2.6.vcxproj", "{A9C3752B-145E-4393-A682-9D415289DC52}"
EndProject
Global
	GlobalSection(SolutionConfigurationPlatforms) = preSolution
		Debug|x64 = Debug|x64
		Debug|x86 = Debug|x86
		Release|x64 = Release|x64
		Release|x86 = Release|x86
	EndGlobalSection
	GlobalSection(ProjectConfigurationPlatforms) = postSolution
		{A9C3752B-145E-4393-A682-9D415289DC52}.Debug|x64.ActiveCfg = Debug|x64
		{A9C3752B-145E-4393-A682-9D415289DC52}.Debug|x64.Build.0 = Debug|x64
		{A9C3752B-145E-4393-A682-9D415289DC52}.Debug|x86.ActiveCfg = Debug|Win32
		{A9C3752B-145E-4393-A682-9D415289DC52}.Debug|x86.Build.0 = Debug|Win32
		{A9C3752B-145E-4393-A682-9D415289DC52}.Release|x64.ActiveCfg = Release|x64
		{A9C3752B-145E-4393-A682-9D415289DC52}.Release|x64.Build.0 = Release|x64
		{A9C3752B-145E-4393-A682-9D415289DC52}.Release|x86.ActiveCfg = Release|Win32
		{A9C3752B-145E-4393-A682-9D415289DC52}.Release|x86.Build.0 = Release|Win32
	EndGlobalSection
	GlobalSection(SolutionProperties) = preSolution
		HideSolutionNode = FALSE
	EndGlobalSection
	GlobalSection(ExtensibilityGlobals) = postSolution
		SolutionGuid = {A39A7B02-E3C1-4655-A59B-E9862597BF43}
	EndGlobalSection
EndGlobal
